// !$*UTF8*$!
{
	archiveVersion = 1;
	classes = {
	};
	objectVersion = 77;
	objects = {

/* Begin PBXBuildFile section */
		AF2A447D3045CCDF000C1C66 /* DMSerifDisplay-Regular.ttf in Resources */ = {isa = PBXBuildFile; fileRef = AF2A447C3045CCDF000C1C66 /* DMSerifDisplay-Regular.ttf */; };
		AF334E253016133D00F97182 /* GamecasticApp.swift in Sources */ = {isa = PBXBuildFile; fileRef = AF334E223016133D00F97182 /* GamecasticApp.swift */; };
		AF334E263016133D00F97182 /* Assets.xcassets in Resources */ = {isa = PBXBuildFile; fileRef = AF334E203016133D00F97182 /* Assets.xcassets */; };
		AF334E283016135200F97182 /* Colors.xcassets in Resources */ = {isa = PBXBuildFile; fileRef = AF334E273016135200F97182 /* Colors.xcassets */; };
		AF334E2B301614F300F97182 /* CornerRadius.swift in Sources */ = {isa = PBXBuildFile; fileRef = AF334E2A301614F300F97182 /* CornerRadius.swift */; };
		AF334E2D301614FA00F97182 /* CustomWidth.swift in Sources */ = {isa = PBXBuildFile; fileRef = AF334E2C301614FA00F97182 /* CustomWidth.swift */; };
		AF334E303016151400F97182 /* View+Extension.swift in Sources */ = {isa = PBXBuildFile; fileRef = AF334E2F3016151100F97182 /* View+Extension.swift */; };
		AF334E323016152000F97182 /* Text+Extension.swift in Sources */ = {isa = PBXBuildFile; fileRef = AF334E313016151C00F97182 /* Text+Extension.swift */; };
		AF334E353016153400F97182 /* FontProvider.swift in Sources */ = {isa = PBXBuildFile; fileRef = AF334E343016153400F97182 /* FontProvider.swift */; };
		AF334E3E301615A600F97182 /* Inter-ExtraBold.ttf in Resources */ = {isa = PBXBuildFile; fileRef = AF334E39301615A600F97182 /* Inter-ExtraBold.ttf */; };
		AF334E3F301615A600F97182 /* Inter-Light.ttf in Resources */ = {isa = PBXBuildFile; fileRef = AF334E3A301615A600F97182 /* Inter-Light.ttf */; };
		AF334E40301615A600F97182 /* Inter-Bold.ttf in Resources */ = {isa = PBXBuildFile; fileRef = AF334E38301615A600F97182 /* Inter-Bold.ttf */; };
		AF334E41301615A600F97182 /* Inter-Regular.ttf in Resources */ = {isa = PBXBuildFile; fileRef = AF334E3C301615A600F97182 /* Inter-Regular.ttf */; };
		AF334E42301615A600F97182 /* Inter-Medium.ttf in Resources */ = {isa = PBXBuildFile; fileRef = AF334E3B301615A600F97182 /* Inter-Medium.ttf */; };
		AF334E43301615A600F97182 /* Inter-SemiBold.ttf in Resources */ = {isa = PBXBuildFile; fileRef = AF334E3D301615A600F97182 /* Inter-SemiBold.ttf */; };
		AF334E463016166C00F97182 /* Localized.swift in Sources */ = {isa = PBXBuildFile; fileRef = AF334E453016166900F97182 /* Localized.swift */; };
		AF334E4A3016169400F97182 /* AppLogger.swift in Sources */ = {isa = PBXBuildFile; fileRef = AF334E493016169000F97182 /* AppLogger.swift */; };
		AF334E4F301616BD00F97182 /* AppTheme.swift in Sources */ = {isa = PBXBuildFile; fileRef = AF334E4E301616BD00F97182 /* AppTheme.swift */; };
		AF334E51301616C900F97182 /* DefaultTheme.swift in Sources */ = {isa = PBXBuildFile; fileRef = AF334E50301616C900F97182 /* DefaultTheme.swift */; };
		AF334E54301616D800F97182 /* BackgroundColors.swift in Sources */ = {isa = PBXBuildFile; fileRef = AF334E53301616D800F97182 /* BackgroundColors.swift */; };
		AF334E56301616E200F97182 /* TextColors.swift in Sources */ = {isa = PBXBuildFile; fileRef = AF334E55301616E200F97182 /* TextColors.swift */; };
		AF334E58301616E900F97182 /* BorderColors.swift in Sources */ = {isa = PBXBuildFile; fileRef = AF334E57301616E900F97182 /* BorderColors.swift */; };
		AF334E5B301616F700F97182 /* AppThemeManager.swift in Sources */ = {isa = PBXBuildFile; fileRef = AF334E5A301616F700F97182 /* AppThemeManager.swift */; };
		AF334E5E3016171E00F97182 /* AppTheme+Environment.swift in Sources */ = {isa = PBXBuildFile; fileRef = AF334E5D3016171D00F97182 /* AppTheme+Environment.swift */; };
		AF334E613016173100F97182 /* ViewConfig.swift in Sources */ = {isa = PBXBuildFile; fileRef = AF334E603016173100F97182 /* ViewConfig.swift */; };
		AF334E633016173800F97182 /* DefaultViewConfig.swift in Sources */ = {isa = PBXBuildFile; fileRef = AF334E623016173800F97182 /* DefaultViewConfig.swift */; };
		AF334E663016175100F97182 /* TextTypography.swift in Sources */ = {isa = PBXBuildFile; fileRef = AF334E653016174C00F97182 /* TextTypography.swift */; };
		AF334E683016175B00F97182 /* DefaultTextTypography.swift in Sources */ = {isa = PBXBuildFile; fileRef = AF334E673016175B00F97182 /* DefaultTextTypography.swift */; };
		AF334E6B3016177700F97182 /* ButtonStyleProtocol.swift in Sources */ = {isa = PBXBuildFile; fileRef = AF334E6A3016177700F97182 /* ButtonStyleProtocol.swift */; };
		AF334E6D3016178000F97182 /* ButtonStyleProvider.swift in Sources */ = {isa = PBXBuildFile; fileRef = AF334E6C3016178000F97182 /* ButtonStyleProvider.swift */; };
		AF334E703016179500F97182 /* DefaultPrimaryButtonStyle.swift in Sources */ = {isa = PBXBuildFile; fileRef = AF334E6F3016179500F97182 /* DefaultPrimaryButtonStyle.swift */; };
		AF334E72301617A200F97182 /* DefaultOverlayButtonStyle.swift in Sources */ = {isa = PBXBuildFile; fileRef = AF334E71301617A200F97182 /* DefaultOverlayButtonStyle.swift */; };
		AF334E74301617AD00F97182 /* DefaultOutlineOnDarkButtonStyle.swift in Sources */ = {isa = PBXBuildFile; fileRef = AF334E73301617AD00F97182 /* DefaultOutlineOnDarkButtonStyle.swift */; };
		AF334E77301617C000F97182 /* AppButton.swift in Sources */ = {isa = PBXBuildFile; fileRef = AF334E76301617BE00F97182 /* AppButton.swift */; };
		AF334E7A30161ECA00F97182 /* CategoryChipStyleProtocol.swift in Sources */ = {isa = PBXBuildFile; fileRef = AF334E7930161ECA00F97182 /* CategoryChipStyleProtocol.swift */; };
		AF334E7C30161ED600F97182 /* CategoryChipStyleProvider.swift in Sources */ = {isa = PBXBuildFile; fileRef = AF334E7B30161ED600F97182 /* CategoryChipStyleProvider.swift */; };
		AF334E7E30161EFC00F97182 /* CategorySelector.swift in Sources */ = {isa = PBXBuildFile; fileRef = AF334E7D30161EFA00F97182 /* CategorySelector.swift */; };
		AF334E8130161F3000F97182 /* ToastManager.swift in Sources */ = {isa = PBXBuildFile; fileRef = AF334E8030161F2E00F97182 /* ToastManager.swift */; };
		AF334E8330161F3E00F97182 /* ToastView.swift in Sources */ = {isa = PBXBuildFile; fileRef = AF334E8230161F3E00F97182 /* ToastView.swift */; };
		AF334E8530161F6000F97182 /* ToastPresenter.swift in Sources */ = {isa = PBXBuildFile; fileRef = AF334E8430161F6000F97182 /* ToastPresenter.swift */; };
		AF334E883016227500F97182 /* TopBarView.swift in Sources */ = {isa = PBXBuildFile; fileRef = AF334E873016227500F97182 /* TopBarView.swift */; };
		AF334E8A3016228100F97182 /* View+Typography.swift in Sources */ = {isa = PBXBuildFile; fileRef = AF334E893016228100F97182 /* View+Typography.swift */; };
		AF3D620A303DA99A0083D600 /* HuntSearchSheetViewModel.swift in Sources */ = {isa = PBXBuildFile; fileRef = AF3D6209303DA9980083D600 /* HuntSearchSheetViewModel.swift */; };
		AF3D620C303DA9B40083D600 /* HuntSearchSheet.swift in Sources */ = {isa = PBXBuildFile; fileRef = AF3D620B303DA9B40083D600 /* HuntSearchSheet.swift */; };
		AF3D620E303DA9C90083D600 /* HuntSearchPill.swift in Sources */ = {isa = PBXBuildFile; fileRef = AF3D620D303DA9C80083D600 /* HuntSearchPill.swift */; };
		AF99E2C23035CADA00CE301D /* HuntFilter.swift in Sources */ = {isa = PBXBuildFile; fileRef = AF99E2C13035CAD800CE301D /* HuntFilter.swift */; };
		AF99E2C43035CDDF00CE301D /* HuntQuery.swift in Sources */ = {isa = PBXBuildFile; fileRef = AF99E2C33035CDDE00CE301D /* HuntQuery.swift */; };
		AF99E2C63035CDED00CE301D /* HuntListing.swift in Sources */ = {isa = PBXBuildFile; fileRef = AF99E2C53035CDEC00CE301D /* HuntListing.swift */; };
		AF99E2C93035CE0600CE301D /* HuntFilterFactory.swift in Sources */ = {isa = PBXBuildFile; fileRef = AF99E2C83035CE0500CE301D /* HuntFilterFactory.swift */; };
		AF99E2CC3035CE2500CE301D /* HuntSearchRepository.swift in Sources */ = {isa = PBXBuildFile; fileRef = AF99E2CB3035CE2400CE301D /* HuntSearchRepository.swift */; };
		AF99E2D03035CE5200CE301D /* HuntSearchDTOs.swift in Sources */ = {isa = PBXBuildFile; fileRef = AF99E2CF3035CE5100CE301D /* HuntSearchDTOs.swift */; };
		AF99E2D33035CE6800CE301D /* HuntSearchMapper.swift in Sources */ = {isa = PBXBuildFile; fileRef = AF99E2D23035CE6800CE301D /* HuntSearchMapper.swift */; };
		AF99E2D63035CE7D00CE301D /* HuntSearchEndpoints.swift in Sources */ = {isa = PBXBuildFile; fileRef = AF99E2D53035CE7D00CE301D /* HuntSearchEndpoints.swift */; };
		AF99E2D83035CE8A00CE301D /* HuntSearchRemoteDataSource.swift in Sources */ = {isa = PBXBuildFile; fileRef = AF99E2D73035CE8900CE301D /* HuntSearchRemoteDataSource.swift */; };
		AF99E2DB3035CEB800CE301D /* DefaultHuntSearchRepository.swift in Sources */ = {isa = PBXBuildFile; fileRef = AF99E2DA3035CEB700CE301D /* DefaultHuntSearchRepository.swift */; };
		AF99E2DE3035CED300CE301D /* HuntSearchViewModel.swift in Sources */ = {isa = PBXBuildFile; fileRef = AF99E2DD3035CED300CE301D /* HuntSearchViewModel.swift */; };
		AF99E2E03035CEE200CE301D /* HuntSearchComponents.swift in Sources */ = {isa = PBXBuildFile; fileRef = AF99E2DF3035CEE200CE301D /* HuntSearchComponents.swift */; };
		AF99E2E23035CEF400CE301D /* HuntSearchView.swift in Sources */ = {isa = PBXBuildFile; fileRef = AF99E2E13035CEF400CE301D /* HuntSearchView.swift */; };
		AF99E2E43035D4E000CE301D /* HuntFilterSelection.swift in Sources */ = {isa = PBXBuildFile; fileRef = AF99E2E33035D4DF00CE301D /* HuntFilterSelection.swift */; };
		AF99E2E63035D4F700CE301D /* FlowLayout.swift in Sources */ = {isa = PBXBuildFile; fileRef = AF99E2E53035D4F600CE301D /* FlowLayout.swift */; };
		AF99E2E93035D53900CE301D /* AllFiltersViewModel.swift in Sources */ = {isa = PBXBuildFile; fileRef = AF99E2E83035D53800CE301D /* AllFiltersViewModel.swift */; };
		AF99E2EB3035D54600CE301D /* AllFiltersView.swift in Sources */ = {isa = PBXBuildFile; fileRef = AF99E2EA3035D54500CE301D /* AllFiltersView.swift */; };
		AF99E2ED3035F1B200CE301D /* HuntSearchScope.swift in Sources */ = {isa = PBXBuildFile; fileRef = AF99E2EC3035F1B100CE301D /* HuntSearchScope.swift */; };
		AF99E2FC3036240900CE301D /* AuthModels.swift in Sources */ = {isa = PBXBuildFile; fileRef = AF99E2FB3036240900CE301D /* AuthModels.swift */; };
		AF99E2FE3036241A00CE301D /* PKCE.swift in Sources */ = {isa = PBXBuildFile; fileRef = AF99E2FD3036241900CE301D /* PKCE.swift */; };
		AF99E3013036243400CE301D /* OIDCConfig.swift in Sources */ = {isa = PBXBuildFile; fileRef = AF99E3003036243300CE301D /* OIDCConfig.swift */; };
		AF99E3033036244000CE301D /* TokenResponseDTO.swift in Sources */ = {isa = PBXBuildFile; fileRef = AF99E3023036243F00CE301D /* TokenResponseDTO.swift */; };
		AF99E3053036244B00CE301D /* AuthEndpoints.swift in Sources */ = {isa = PBXBuildFile; fileRef = AF99E3043036244A00CE301D /* AuthEndpoints.swift */; };
		AF99E3073036245700CE301D /* AuthTokenClient.swift in Sources */ = {isa = PBXBuildFile; fileRef = AF99E3063036245600CE301D /* AuthTokenClient.swift */; };
		AF99E3093036246300CE301D /* KeychainTokenStore.swift in Sources */ = {isa = PBXBuildFile; fileRef = AF99E3083036246200CE301D /* KeychainTokenStore.swift */; };
		AF99E30B3036247000CE301D /* WebAuthenticator.swift in Sources */ = {isa = PBXBuildFile; fileRef = AF99E30A3036247000CE301D /* WebAuthenticator.swift */; };
		AF99E30E3036248800CE301D /* AuthManager.swift in Sources */ = {isa = PBXBuildFile; fileRef = AF99E30D3036248700CE301D /* AuthManager.swift */; };
		AF99E31A3038B9A500CE301D /* AccountView.swift in Sources */ = {isa = PBXBuildFile; fileRef = AF99E3193038B9A400CE301D /* AccountView.swift */; };
		AF99E31C3038B9B500CE301D /* SignInView.swift in Sources */ = {isa = PBXBuildFile; fileRef = AF99E31B3038B9B400CE301D /* SignInView.swift */; };
		AF99E31E3038B9C100CE301D /* ProfileView.swift in Sources */ = {isa = PBXBuildFile; fileRef = AF99E31D3038B9C000CE301D /* ProfileView.swift */; };
		AF99E3213038F3A900CE301D /* HuntRegionProvider.swift in Sources */ = {isa = PBXBuildFile; fileRef = AF99E3203038F3A800CE301D /* HuntRegionProvider.swift */; };
		AF99E3233038F3BB00CE301D /* HuntSearchCriteria.swift in Sources */ = {isa = PBXBuildFile; fileRef = AF99E3223038F3BB00CE301D /* HuntSearchCriteria.swift */; };
		FE0DA7A00000000000000004 /* AppConfig.swift in Sources */ = {isa = PBXBuildFile; fileRef = FE0DA7A00000000000000003 /* AppConfig.swift */; };
		FE0DA7A00000000000000007 /* HTTPMethod.swift in Sources */ = {isa = PBXBuildFile; fileRef = FE0DA7A00000000000000006 /* HTTPMethod.swift */; };
		FE0DA7A00000000000000009 /* APIResponse.swift in Sources */ = {isa = PBXBuildFile; fileRef = FE0DA7A00000000000000008 /* APIResponse.swift */; };
		FE0DA7A0000000000000000B /* APIError.swift in Sources */ = {isa = PBXBuildFile; fileRef = FE0DA7A0000000000000000A /* APIError.swift */; };
		FE0DA7A0000000000000000D /* Endpoint.swift in Sources */ = {isa = PBXBuildFile; fileRef = FE0DA7A0000000000000000C /* Endpoint.swift */; };
		FE0DA7A0000000000000000F /* APIClient.swift in Sources */ = {isa = PBXBuildFile; fileRef = FE0DA7A0000000000000000E /* APIClient.swift */; };
		FE0DA7A00000000000000015 /* HomeDTOs.swift in Sources */ = {isa = PBXBuildFile; fileRef = FE0DA7A00000000000000014 /* HomeDTOs.swift */; };
		FE0DA7A00000000000000018 /* HomeMapper.swift in Sources */ = {isa = PBXBuildFile; fileRef = FE0DA7A00000000000000017 /* HomeMapper.swift */; };
		FE0DA7A0000000000000001B /* HomeEndpoints.swift in Sources */ = {isa = PBXBuildFile; fileRef = FE0DA7A0000000000000001A /* HomeEndpoints.swift */; };
		FE0DA7A0000000000000001D /* HomeRemoteDataSource.swift in Sources */ = {isa = PBXBuildFile; fileRef = FE0DA7A0000000000000001C /* HomeRemoteDataSource.swift */; };
		FE0DA7A00000000000000020 /* DefaultHomeRepository.swift in Sources */ = {isa = PBXBuildFile; fileRef = FE0DA7A0000000000000001F /* DefaultHomeRepository.swift */; };
		FE0DA7A00000000000000024 /* HomeModels.swift in Sources */ = {isa = PBXBuildFile; fileRef = FE0DA7A00000000000000023 /* HomeModels.swift */; };
		FE0DA7A00000000000000027 /* HomeRepository.swift in Sources */ = {isa = PBXBuildFile; fileRef = FE0DA7A00000000000000026 /* HomeRepository.swift */; };
		FE0DA7A0000000000000002A /* HomeViewModel.swift in Sources */ = {isa = PBXBuildFile; fileRef = FE0DA7A00000000000000029 /* HomeViewModel.swift */; };
		FE0DB7A00000000000000102 /* Shimmer.swift in Sources */ = {isa = PBXBuildFile; fileRef = FE0DB7A00000000000000101 /* Shimmer.swift */; };
		FE0DB7A00000000000000104 /* HomeView.swift in Sources */ = {isa = PBXBuildFile; fileRef = FE0DB7A00000000000000103 /* HomeView.swift */; };
		FE0DB7A00000000000000106 /* HomeCards.swift in Sources */ = {isa = PBXBuildFile; fileRef = FE0DB7A00000000000000105 /* HomeCards.swift */; };
		FE0DC7A00000000000000003 /* HuntPrimitives.swift in Sources */ = {isa = PBXBuildFile; fileRef = FE0DC7A00000000000000002 /* HuntPrimitives.swift */; };
		FE0DC7A00000000000000005 /* Facets.swift in Sources */ = {isa = PBXBuildFile; fileRef = FE0DC7A00000000000000004 /* Facets.swift */; };
		FE0DC7A00000000000000008 /* FacetsDTO.swift in Sources */ = {isa = PBXBuildFile; fileRef = FE0DC7A00000000000000007 /* FacetsDTO.swift */; };
		FE0DD7A00000000000000003 /* SideMenuView.swift in Sources */ = {isa = PBXBuildFile; fileRef = FE0DD7A00000000000000002 /* SideMenuView.swift */; };
		FE0DD7A00000000000000006 /* AvatarView.swift in Sources */ = {isa = PBXBuildFile; fileRef = FE0DD7A00000000000000005 /* AvatarView.swift */; };
/* End PBXBuildFile section */

/* Begin PBXFileReference section */
		AF2A447C3045CCDF000C1C66 /* DMSerifDisplay-Regular.ttf */ = {isa = PBXFileReference; lastKnownFileType = file; path = "DMSerifDisplay-Regular.ttf"; sourceTree = "<group>"; };
		AF334E203016133D00F97182 /* Assets.xcassets */ = {isa = PBXFileReference; lastKnownFileType = folder.assetcatalog; path = Assets.xcassets; sourceTree = "<group>"; };
		AF334E223016133D00F97182 /* GamecasticApp.swift */ = {isa = PBXFileReference; lastKnownFileType = sourcecode.swift; path = GamecasticApp.swift; sourceTree = "<group>"; };
		AF334E273016135200F97182 /* Colors.xcassets */ = {isa = PBXFileReference; lastKnownFileType = folder.assetcatalog; path = Colors.xcassets; sourceTree = "<group>"; };
		AF334E2A301614F300F97182 /* CornerRadius.swift */ = {isa = PBXFileReference; lastKnownFileType = sourcecode.swift; path = CornerRadius.swift; sourceTree = "<group>"; };
		AF334E2C301614FA00F97182 /* CustomWidth.swift */ = {isa = PBXFileReference; lastKnownFileType = sourcecode.swift; path = CustomWidth.swift; sourceTree = "<group>"; };
		AF334E2F3016151100F97182 /* View+Extension.swift */ = {isa = PBXFileReference; lastKnownFileType = sourcecode.swift; path = "View+Extension.swift"; sourceTree = "<group>"; };
		AF334E313016151C00F97182 /* Text+Extension.swift */ = {isa = PBXFileReference; lastKnownFileType = sourcecode.swift; path = "Text+Extension.swift"; sourceTree = "<group>"; };
		AF334E343016153400F97182 /* FontProvider.swift */ = {isa = PBXFileReference; lastKnownFileType = sourcecode.swift; path = FontProvider.swift; sourceTree = "<group>"; };
		AF334E38301615A600F97182 /* Inter-Bold.ttf */ = {isa = PBXFileReference; lastKnownFileType = file; path = "Inter-Bold.ttf"; sourceTree = "<group>"; };
		AF334E39301615A600F97182 /* Inter-ExtraBold.ttf */ = {isa = PBXFileReference; lastKnownFileType = file; path = "Inter-ExtraBold.ttf"; sourceTree = "<group>"; };
		AF334E3A301615A600F97182 /* Inter-Light.ttf */ = {isa = PBXFileReference; lastKnownFileType = file; path = "Inter-Light.ttf"; sourceTree = "<group>"; };
		AF334E3B301615A600F97182 /* Inter-Medium.ttf */ = {isa = PBXFileReference; lastKnownFileType = file; path = "Inter-Medium.ttf"; sourceTree = "<group>"; };
		AF334E3C301615A600F97182 /* Inter-Regular.ttf */ = {isa = PBXFileReference; lastKnownFileType = file; path = "Inter-Regular.ttf"; sourceTree = "<group>"; };
		AF334E3D301615A600F97182 /* Inter-SemiBold.ttf */ = {isa = PBXFileReference; lastKnownFileType = file; path = "Inter-SemiBold.ttf"; sourceTree = "<group>"; };
		AF334E44301615C800F97182 /* Info.plist */ = {isa = PBXFileReference; lastKnownFileType = text.plist; path = Info.plist; sourceTree = "<group>"; };
		AF334E453016166900F97182 /* Localized.swift */ = {isa = PBXFileReference; lastKnownFileType = sourcecode.swift; path = Localized.swift; sourceTree = "<group>"; };
		AF334E493016169000F97182 /* AppLogger.swift */ = {isa = PBXFileReference; lastKnownFileType = sourcecode.swift; path = AppLogger.swift; sourceTree = "<group>"; };
		AF334E4E301616BD00F97182 /* AppTheme.swift */ = {isa = PBXFileReference; lastKnownFileType = sourcecode.swift; path = AppTheme.swift; sourceTree = "<group>"; };
		AF334E50301616C900F97182 /* DefaultTheme.swift */ = {isa = PBXFileReference; lastKnownFileType = sourcecode.swift; path = DefaultTheme.swift; sourceTree = "<group>"; };
		AF334E53301616D800F97182 /* BackgroundColors.swift */ = {isa = PBXFileReference; lastKnownFileType = sourcecode.swift; path = BackgroundColors.swift; sourceTree = "<group>"; };
		AF334E55301616E200F97182 /* TextColors.swift */ = {isa = PBXFileReference; lastKnownFileType = sourcecode.swift; path = TextColors.swift; sourceTree = "<group>"; };
		AF334E57301616E900F97182 /* BorderColors.swift */ = {isa = PBXFileReference; lastKnownFileType = sourcecode.swift; path = BorderColors.swift; sourceTree = "<group>"; };
		AF334E5A301616F700F97182 /* AppThemeManager.swift */ = {isa = PBXFileReference; lastKnownFileType = sourcecode.swift; path = AppThemeManager.swift; sourceTree = "<group>"; };
		AF334E5D3016171D00F97182 /* AppTheme+Environment.swift */ = {isa = PBXFileReference; lastKnownFileType = sourcecode.swift; path = "AppTheme+Environment.swift"; sourceTree = "<group>"; };
		AF334E603016173100F97182 /* ViewConfig.swift */ = {isa = PBXFileReference; lastKnownFileType = sourcecode.swift; path = ViewConfig.swift; sourceTree = "<group>"; };
		AF334E623016173800F97182 /* DefaultViewConfig.swift */ = {isa = PBXFileReference; lastKnownFileType = sourcecode.swift; path = DefaultViewConfig.swift; sourceTree = "<group>"; };
		AF334E653016174C00F97182 /* TextTypography.swift */ = {isa = PBXFileReference; lastKnownFileType = sourcecode.swift; path = TextTypography.swift; sourceTree = "<group>"; };
		AF334E673016175B00F97182 /* DefaultTextTypography.swift */ = {isa = PBXFileReference; lastKnownFileType = sourcecode.swift; path = DefaultTextTypography.swift; sourceTree = "<group>"; };
		AF334E6A3016177700F97182 /* ButtonStyleProtocol.swift */ = {isa = PBXFileReference; lastKnownFileType = sourcecode.swift; path = ButtonStyleProtocol.swift; sourceTree = "<group>"; };
		AF334E6C3016178000F97182 /* ButtonStyleProvider.swift */ = {isa = PBXFileReference; lastKnownFileType = sourcecode.swift; path = ButtonStyleProvider.swift; sourceTree = "<group>"; };
		AF334E6F3016179500F97182 /* DefaultPrimaryButtonStyle.swift */ = {isa = PBXFileReference; lastKnownFileType = sourcecode.swift; path = DefaultPrimaryButtonStyle.swift; sourceTree = "<group>"; };
		AF334E71301617A200F97182 /* DefaultOverlayButtonStyle.swift */ = {isa = PBXFileReference; lastKnownFileType = sourcecode.swift; path = DefaultOverlayButtonStyle.swift; sourceTree = "<group>"; };
		AF334E73301617AD00F97182 /* DefaultOutlineOnDarkButtonStyle.swift */ = {isa = PBXFileReference; lastKnownFileType = sourcecode.swift; path = DefaultOutlineOnDarkButtonStyle.swift; sourceTree = "<group>"; };
		AF334E76301617BE00F97182 /* AppButton.swift */ = {isa = PBXFileReference; lastKnownFileType = sourcecode.swift; path = AppButton.swift; sourceTree = "<group>"; };
		AF334E7930161ECA00F97182 /* CategoryChipStyleProtocol.swift */ = {isa = PBXFileReference; lastKnownFileType = sourcecode.swift; path = CategoryChipStyleProtocol.swift; sourceTree = "<group>"; };
		AF334E7B30161ED600F97182 /* CategoryChipStyleProvider.swift */ = {isa = PBXFileReference; lastKnownFileType = sourcecode.swift; path = CategoryChipStyleProvider.swift; sourceTree = "<group>"; };
		AF334E7D30161EFA00F97182 /* CategorySelector.swift */ = {isa = PBXFileReference; lastKnownFileType = sourcecode.swift; path = CategorySelector.swift; sourceTree = "<group>"; };
		AF334E8030161F2E00F97182 /* ToastManager.swift */ = {isa = PBXFileReference; lastKnownFileType = sourcecode.swift; path = ToastManager.swift; sourceTree = "<group>"; };
		AF334E8230161F3E00F97182 /* ToastView.swift */ = {isa = PBXFileReference; lastKnownFileType = sourcecode.swift; path = ToastView.swift; sourceTree = "<group>"; };
		AF334E8430161F6000F97182 /* ToastPresenter.swift */ = {isa = PBXFileReference; lastKnownFileType = sourcecode.swift; path = ToastPresenter.swift; sourceTree = "<group>"; };
		AF334E873016227500F97182 /* TopBarView.swift */ = {isa = PBXFileReference; lastKnownFileType = sourcecode.swift; path = TopBarView.swift; sourceTree = "<group>"; };
		AF334E893016228100F97182 /* View+Typography.swift */ = {isa = PBXFileReference; lastKnownFileType = sourcecode.swift; path = "View+Typography.swift"; sourceTree = "<group>"; };
		AF3D6209303DA9980083D600 /* HuntSearchSheetViewModel.swift */ = {isa = PBXFileReference; lastKnownFileType = sourcecode.swift; path = HuntSearchSheetViewModel.swift; sourceTree = "<group>"; };
		AF3D620B303DA9B40083D600 /* HuntSearchSheet.swift */ = {isa = PBXFileReference; lastKnownFileType = sourcecode.swift; path = HuntSearchSheet.swift; sourceTree = "<group>"; };
		AF3D620D303DA9C80083D600 /* HuntSearchPill.swift */ = {isa = PBXFileReference; lastKnownFileType = sourcecode.swift; path = HuntSearchPill.swift; sourceTree = "<group>"; };
		AF885CCB3014D3D9007962DE /* Gamecastic.app */ = {isa = PBXFileReference; explicitFileType = wrapper.application; includeInIndex = 0; path = Gamecastic.app; sourceTree = BUILT_PRODUCTS_DIR; };
		AF99E2C13035CAD800CE301D /* HuntFilter.swift */ = {isa = PBXFileReference; lastKnownFileType = sourcecode.swift; path = HuntFilter.swift; sourceTree = "<group>"; };
		AF99E2C33035CDDE00CE301D /* HuntQuery.swift */ = {isa = PBXFileReference; lastKnownFileType = sourcecode.swift; path = HuntQuery.swift; sourceTree = "<group>"; };
		AF99E2C53035CDEC00CE301D /* HuntListing.swift */ = {isa = PBXFileReference; lastKnownFileType = sourcecode.swift; path = HuntListing.swift; sourceTree = "<group>"; };
		AF99E2C83035CE0500CE301D /* HuntFilterFactory.swift */ = {isa = PBXFileReference; lastKnownFileType = sourcecode.swift; path = HuntFilterFactory.swift; sourceTree = "<group>"; };
		AF99E2CB3035CE2400CE301D /* HuntSearchRepository.swift */ = {isa = PBXFileReference; lastKnownFileType = sourcecode.swift; path = HuntSearchRepository.swift; sourceTree = "<group>"; };
		AF99E2CF3035CE5100CE301D /* HuntSearchDTOs.swift */ = {isa = PBXFileReference; lastKnownFileType = sourcecode.swift; path = HuntSearchDTOs.swift; sourceTree = "<group>"; };
		AF99E2D23035CE6800CE301D /* HuntSearchMapper.swift */ = {isa = PBXFileReference; lastKnownFileType = sourcecode.swift; path = HuntSearchMapper.swift; sourceTree = "<group>"; };
		AF99E2D53035CE7D00CE301D /* HuntSearchEndpoints.swift */ = {isa = PBXFileReference; lastKnownFileType = sourcecode.swift; path = HuntSearchEndpoints.swift; sourceTree = "<group>"; };
		AF99E2D73035CE8900CE301D /* HuntSearchRemoteDataSource.swift */ = {isa = PBXFileReference; lastKnownFileType = sourcecode.swift; path = HuntSearchRemoteDataSource.swift; sourceTree = "<group>"; };
		AF99E2DA3035CEB700CE301D /* DefaultHuntSearchRepository.swift */ = {isa = PBXFileReference; lastKnownFileType = sourcecode.swift; path = DefaultHuntSearchRepository.swift; sourceTree = "<group>"; };
		AF99E2DD3035CED300CE301D /* HuntSearchViewModel.swift */ = {isa = PBXFileReference; lastKnownFileType = sourcecode.swift; path = HuntSearchViewModel.swift; sourceTree = "<group>"; };
		AF99E2DF3035CEE200CE301D /* HuntSearchComponents.swift */ = {isa = PBXFileReference; lastKnownFileType = sourcecode.swift; path = HuntSearchComponents.swift; sourceTree = "<group>"; };
		AF99E2E13035CEF400CE301D /* HuntSearchView.swift */ = {isa = PBXFileReference; lastKnownFileType = sourcecode.swift; path = HuntSearchView.swift; sourceTree = "<group>"; };
		AF99E2E33035D4DF00CE301D /* HuntFilterSelection.swift */ = {isa = PBXFileReference; lastKnownFileType = sourcecode.swift; path = HuntFilterSelection.swift; sourceTree = "<group>"; };
		AF99E2E53035D4F600CE301D /* FlowLayout.swift */ = {isa = PBXFileReference; lastKnownFileType = sourcecode.swift; path = FlowLayout.swift; sourceTree = "<group>"; };
		AF99E2E83035D53800CE301D /* AllFiltersViewModel.swift */ = {isa = PBXFileReference; lastKnownFileType = sourcecode.swift; path = AllFiltersViewModel.swift; sourceTree = "<group>"; };
		AF99E2EA3035D54500CE301D /* AllFiltersView.swift */ = {isa = PBXFileReference; lastKnownFileType = sourcecode.swift; path = AllFiltersView.swift; sourceTree = "<group>"; };
		AF99E2EC3035F1B100CE301D /* HuntSearchScope.swift */ = {isa = PBXFileReference; lastKnownFileType = sourcecode.swift; path = HuntSearchScope.swift; sourceTree = "<group>"; };
		AF99E2FB3036240900CE301D /* AuthModels.swift */ = {isa = PBXFileReference; lastKnownFileType = sourcecode.swift; path = AuthModels.swift; sourceTree = "<group>"; };
		AF99E2FD3036241900CE301D /* PKCE.swift */ = {isa = PBXFileReference; lastKnownFileType = sourcecode.swift; path = PKCE.swift; sourceTree = "<group>"; };
		AF99E3003036243300CE301D /* OIDCConfig.swift */ = {isa = PBXFileReference; lastKnownFileType = sourcecode.swift; path = OIDCConfig.swift; sourceTree = "<group>"; };
		AF99E3023036243F00CE301D /* TokenResponseDTO.swift */ = {isa = PBXFileReference; lastKnownFileType = sourcecode.swift; path = TokenResponseDTO.swift; sourceTree = "<group>"; };
		AF99E3043036244A00CE301D /* AuthEndpoints.swift */ = {isa = PBXFileReference; lastKnownFileType = sourcecode.swift; path = AuthEndpoints.swift; sourceTree = "<group>"; };
		AF99E3063036245600CE301D /* AuthTokenClient.swift */ = {isa = PBXFileReference; lastKnownFileType = sourcecode.swift; path = AuthTokenClient.swift; sourceTree = "<group>"; };
		AF99E3083036246200CE301D /* KeychainTokenStore.swift */ = {isa = PBXFileReference; lastKnownFileType = sourcecode.swift; path = KeychainTokenStore.swift; sourceTree = "<group>"; };
		AF99E30A3036247000CE301D /* WebAuthenticator.swift */ = {isa = PBXFileReference; lastKnownFileType = sourcecode.swift; path = WebAuthenticator.swift; sourceTree = "<group>"; };
		AF99E30D3036248700CE301D /* AuthManager.swift */ = {isa = PBXFileReference; lastKnownFileType = sourcecode.swift; path = AuthManager.swift; sourceTree = "<group>"; };
		AF99E3193038B9A400CE301D /* AccountView.swift */ = {isa = PBXFileReference; lastKnownFileType = sourcecode.swift; path = AccountView.swift; sourceTree = "<group>"; };
		AF99E31B3038B9B400CE301D /* SignInView.swift */ = {isa = PBXFileReference; lastKnownFileType = sourcecode.swift; path = SignInView.swift; sourceTree = "<group>"; };
		AF99E31D3038B9C000CE301D /* ProfileView.swift */ = {isa = PBXFileReference; lastKnownFileType = sourcecode.swift; path = ProfileView.swift; sourceTree = "<group>"; };
		AF99E3203038F3A800CE301D /* HuntRegionProvider.swift */ = {isa = PBXFileReference; lastKnownFileType = sourcecode.swift; path = HuntRegionProvider.swift; sourceTree = "<group>"; };
		AF99E3223038F3BB00CE301D /* HuntSearchCriteria.swift */ = {isa = PBXFileReference; lastKnownFileType = sourcecode.swift; path = HuntSearchCriteria.swift; sourceTree = "<group>"; };
		FE0DA7A00000000000000003 /* AppConfig.swift */ = {isa = PBXFileReference; lastKnownFileType = sourcecode.swift; path = AppConfig.swift; sourceTree = "<group>"; };
		FE0DA7A00000000000000006 /* HTTPMethod.swift */ = {isa = PBXFileReference; lastKnownFileType = sourcecode.swift; path = HTTPMethod.swift; sourceTree = "<group>"; };
		FE0DA7A00000000000000008 /* APIResponse.swift */ = {isa = PBXFileReference; lastKnownFileType = sourcecode.swift; path = APIResponse.swift; sourceTree = "<group>"; };
		FE0DA7A0000000000000000A /* APIError.swift */ = {isa = PBXFileReference; lastKnownFileType = sourcecode.swift; path = APIError.swift; sourceTree = "<group>"; };
		FE0DA7A0000000000000000C /* Endpoint.swift */ = {isa = PBXFileReference; lastKnownFileType = sourcecode.swift; path = Endpoint.swift; sourceTree = "<group>"; };
		FE0DA7A0000000000000000E /* APIClient.swift */ = {isa = PBXFileReference; lastKnownFileType = sourcecode.swift; path = APIClient.swift; sourceTree = "<group>"; };
		FE0DA7A00000000000000014 /* HomeDTOs.swift */ = {isa = PBXFileReference; lastKnownFileType = sourcecode.swift; path = HomeDTOs.swift; sourceTree = "<group>"; };
		FE0DA7A00000000000000017 /* HomeMapper.swift */ = {isa = PBXFileReference; lastKnownFileType = sourcecode.swift; path = HomeMapper.swift; sourceTree = "<group>"; };
		FE0DA7A0000000000000001A /* HomeEndpoints.swift */ = {isa = PBXFileReference; lastKnownFileType = sourcecode.swift; path = HomeEndpoints.swift; sourceTree = "<group>"; };
		FE0DA7A0000000000000001C /* HomeRemoteDataSource.swift */ = {isa = PBXFileReference; lastKnownFileType = sourcecode.swift; path = HomeRemoteDataSource.swift; sourceTree = "<group>"; };
		FE0DA7A0000000000000001F /* DefaultHomeRepository.swift */ = {isa = PBXFileReference; lastKnownFileType = sourcecode.swift; path = DefaultHomeRepository.swift; sourceTree = "<group>"; };
		FE0DA7A00000000000000023 /* HomeModels.swift */ = {isa = PBXFileReference; lastKnownFileType = sourcecode.swift; path = HomeModels.swift; sourceTree = "<group>"; };
		FE0DA7A00000000000000026 /* HomeRepository.swift */ = {isa = PBXFileReference; lastKnownFileType = sourcecode.swift; path = HomeRepository.swift; sourceTree = "<group>"; };
		FE0DA7A00000000000000029 /* HomeViewModel.swift */ = {isa = PBXFileReference; lastKnownFileType = sourcecode.swift; path = HomeViewModel.swift; sourceTree = "<group>"; };
		FE0DB7A00000000000000101 /* Shimmer.swift */ = {isa = PBXFileReference; lastKnownFileType = sourcecode.swift; path = Shimmer.swift; sourceTree = "<group>"; };
		FE0DB7A00000000000000103 /* HomeView.swift */ = {isa = PBXFileReference; lastKnownFileType = sourcecode.swift; path = HomeView.swift; sourceTree = "<group>"; };
		FE0DB7A00000000000000105 /* HomeCards.swift */ = {isa = PBXFileReference; lastKnownFileType = sourcecode.swift; path = HomeCards.swift; sourceTree = "<group>"; };
		FE0DC7A00000000000000002 /* HuntPrimitives.swift */ = {isa = PBXFileReference; lastKnownFileType = sourcecode.swift; path = HuntPrimitives.swift; sourceTree = "<group>"; };
		FE0DC7A00000000000000004 /* Facets.swift */ = {isa = PBXFileReference; lastKnownFileType = sourcecode.swift; path = Facets.swift; sourceTree = "<group>"; };
		FE0DC7A00000000000000007 /* FacetsDTO.swift */ = {isa = PBXFileReference; lastKnownFileType = sourcecode.swift; path = FacetsDTO.swift; sourceTree = "<group>"; };
		FE0DD7A00000000000000002 /* SideMenuView.swift */ = {isa = PBXFileReference; lastKnownFileType = sourcecode.swift; path = SideMenuView.swift; sourceTree = "<group>"; };
		FE0DD7A00000000000000005 /* AvatarView.swift */ = {isa = PBXFileReference; lastKnownFileType = sourcecode.swift; path = AvatarView.swift; sourceTree = "<group>"; };
/* End PBXFileReference section */

/* Begin PBXFrameworksBuildPhase section */
		AF885CC83014D3D9007962DE /* Frameworks */ = {
			isa = PBXFrameworksBuildPhase;
			buildActionMask = 2147483647;
			files = (
			);
			runOnlyForDeploymentPostprocessing = 0;
		};
/* End PBXFrameworksBuildPhase section */

/* Begin PBXGroup section */
		AF2A447B3045CCBB000C1C66 /* DMSerifDisplay */ = {
			isa = PBXGroup;
			children = (
				AF2A447C3045CCDF000C1C66 /* DMSerifDisplay-Regular.ttf */,
			);
			path = DMSerifDisplay;
			sourceTree = "<group>";
		};
		AF334E1F3016133D00F97182 /* Resources */ = {
			isa = PBXGroup;
			children = (
				AF334E363016157000F97182 /* Fonts */,
				AF334E273016135200F97182 /* Colors.xcassets */,
			);
			path = Resources;
			sourceTree = "<group>";
		};
		AF334E233016133D00F97182 /* Gamecastic */ = {
			isa = PBXGroup;
			children = (
				FE0DA7A00000000000000001 /* Core */,
				FE0DA7A00000000000000010 /* Features */,
				AF334E4B301616AA00F97182 /* DesignSystem */,
				AF334E473016168200F97182 /* App */,
				AF334E44301615C800F97182 /* Info.plist */,
				AF334E29301614ED00F97182 /* Utils */,
				AF334E1F3016133D00F97182 /* Resources */,
				AF334E203016133D00F97182 /* Assets.xcassets */,
				AF334E223016133D00F97182 /* GamecasticApp.swift */,
			);
			path = Gamecastic;
			sourceTree = "<group>";
		};
		AF334E29301614ED00F97182 /* Utils */ = {
			isa = PBXGroup;
			children = (
				AF334E333016152B00F97182 /* Helpers */,
				AF334E2E3016150300F97182 /* Extensions */,
				AF334E2C301614FA00F97182 /* CustomWidth.swift */,
				AF334E2A301614F300F97182 /* CornerRadius.swift */,
			);
			path = Utils;
			sourceTree = "<group>";
		};
		AF334E2E3016150300F97182 /* Extensions */ = {
			isa = PBXGroup;
			children = (
				AF334E313016151C00F97182 /* Text+Extension.swift */,
				AF334E2F3016151100F97182 /* View+Extension.swift */,
			);
			path = Extensions;
			sourceTree = "<group>";
		};
		AF334E333016152B00F97182 /* Helpers */ = {
			isa = PBXGroup;
			children = (
				AF334E453016166900F97182 /* Localized.swift */,
				AF334E343016153400F97182 /* FontProvider.swift */,
			);
			path = Helpers;
			sourceTree = "<group>";
		};
		AF334E363016157000F97182 /* Fonts */ = {
			isa = PBXGroup;
			children = (
				AF2A447B3045CCBB000C1C66 /* DMSerifDisplay */,
				AF334E373016157700F97182 /* Inter */,
			);
			path = Fonts;
			sourceTree = "<group>";
		};
		AF334E373016157700F97182 /* Inter */ = {
			isa = PBXGroup;
			children = (
				AF334E38301615A600F97182 /* Inter-Bold.ttf */,
				AF334E39301615A600F97182 /* Inter-ExtraBold.ttf */,
				AF334E3A301615A600F97182 /* Inter-Light.ttf */,
				AF334E3B301615A600F97182 /* Inter-Medium.ttf */,
				AF334E3C301615A600F97182 /* Inter-Regular.ttf */,
				AF334E3D301615A600F97182 /* Inter-SemiBold.ttf */,
			);
			path = Inter;
			sourceTree = "<group>";
		};
		AF334E473016168200F97182 /* App */ = {
			isa = PBXGroup;
			children = (
				FE0DD7A00000000000000001 /* Navigation */,
				AF334E483016168900F97182 /* Log */,
			);
			path = App;
			sourceTree = "<group>";
		};
		AF334E483016168900F97182 /* Log */ = {
			isa = PBXGroup;
			children = (
				AF334E493016169000F97182 /* AppLogger.swift */,
			);
			path = Log;
			sourceTree = "<group>";
		};
		AF334E4B301616AA00F97182 /* DesignSystem */ = {
			isa = PBXGroup;
			children = (
				AF334E75301617B600F97182 /* Components */,
				AF334E4C301616B200F97182 /* Themes */,
			);
			path = DesignSystem;
			sourceTree = "<group>";
		};
		AF334E4C301616B200F97182 /* Themes */ = {
			isa = PBXGroup;
			children = (
				AF334E7830161EBF00F97182 /* Chips */,
				AF334E693016176F00F97182 /* Buttons */,
				AF334E643016174700F97182 /* Text */,
				AF334E5F3016172900F97182 /* Views */,
				AF334E5C3016171300F97182 /* Environment */,
				AF334E59301616F100F97182 /* Manager */,
				AF334E52301616D200F97182 /* Colors */,
				AF334E4D301616B700F97182 /* Core */,
			);
			path = Themes;
			sourceTree = "<group>";
		};
		AF334E4D301616B700F97182 /* Core */ = {
			isa = PBXGroup;
			children = (
				AF334E50301616C900F97182 /* DefaultTheme.swift */,
				AF334E4E301616BD00F97182 /* AppTheme.swift */,
			);
			path = Core;
			sourceTree = "<group>";
		};
		AF334E52301616D200F97182 /* Colors */ = {
			isa = PBXGroup;
			children = (
				AF334E57301616E900F97182 /* BorderColors.swift */,
				AF334E55301616E200F97182 /* TextColors.swift */,
				AF334E53301616D800F97182 /* BackgroundColors.swift */,
			);
			path = Colors;
			sourceTree = "<group>";
		};
		AF334E59301616F100F97182 /* Manager */ = {
			isa = PBXGroup;
			children = (
				AF334E5A301616F700F97182 /* AppThemeManager.swift */,
			);
			path = Manager;
			sourceTree = "<group>";
		};
		AF334E5C3016171300F97182 /* Environment */ = {
			isa = PBXGroup;
			children = (
				AF334E5D3016171D00F97182 /* AppTheme+Environment.swift */,
			);
			path = Environment;
			sourceTree = "<group>";
		};
		AF334E5F3016172900F97182 /* Views */ = {
			isa = PBXGroup;
			children = (
				AF334E623016173800F97182 /* DefaultViewConfig.swift */,
				AF334E603016173100F97182 /* ViewConfig.swift */,
			);
			path = Views;
			sourceTree = "<group>";
		};
		AF334E643016174700F97182 /* Text */ = {
			isa = PBXGroup;
			children = (
				AF334E893016228100F97182 /* View+Typography.swift */,
				AF334E673016175B00F97182 /* DefaultTextTypography.swift */,
				AF334E653016174C00F97182 /* TextTypography.swift */,
			);
			path = Text;
			sourceTree = "<group>";
		};
		AF334E693016176F00F97182 /* Buttons */ = {
			isa = PBXGroup;
			children = (
				AF334E6E3016178D00F97182 /* Styles */,
				AF334E6C3016178000F97182 /* ButtonStyleProvider.swift */,
				AF334E6A3016177700F97182 /* ButtonStyleProtocol.swift */,
			);
			path = Buttons;
			sourceTree = "<group>";
		};
		AF334E6E3016178D00F97182 /* Styles */ = {
			isa = PBXGroup;
			children = (
				AF334E73301617AD00F97182 /* DefaultOutlineOnDarkButtonStyle.swift */,
				AF334E71301617A200F97182 /* DefaultOverlayButtonStyle.swift */,
				AF334E6F3016179500F97182 /* DefaultPrimaryButtonStyle.swift */,
			);
			path = Styles;
			sourceTree = "<group>";
		};
		AF334E75301617B600F97182 /* Components */ = {
			isa = PBXGroup;
			children = (
				FE0DD7A00000000000000004 /* Avatar */,
				AF99E2E53035D4F600CE301D /* FlowLayout.swift */,
				FE0DB7A00000000000000107 /* Shimmer */,
				AF334E863016226C00F97182 /* TopBar */,
				AF334E7F30161F2700F97182 /* Toast */,
				AF334E7D30161EFA00F97182 /* CategorySelector.swift */,
				AF334E76301617BE00F97182 /* AppButton.swift */,
			);
			path = Components;
			sourceTree = "<group>";
		};
		AF334E7830161EBF00F97182 /* Chips */ = {
			isa = PBXGroup;
			children = (
				AF334E7B30161ED600F97182 /* CategoryChipStyleProvider.swift */,
				AF334E7930161ECA00F97182 /* CategoryChipStyleProtocol.swift */,
			);
			path = Chips;
			sourceTree = "<group>";
		};
		AF334E7F30161F2700F97182 /* Toast */ = {
			isa = PBXGroup;
			children = (
				AF334E8430161F6000F97182 /* ToastPresenter.swift */,
				AF334E8230161F3E00F97182 /* ToastView.swift */,
				AF334E8030161F2E00F97182 /* ToastManager.swift */,
			);
			path = Toast;
			sourceTree = "<group>";
		};
		AF334E863016226C00F97182 /* TopBar */ = {
			isa = PBXGroup;
			children = (
				AF334E873016227500F97182 /* TopBarView.swift */,
			);
			path = TopBar;
			sourceTree = "<group>";
		};
		AF3D6208303DA9900083D600 /* Search */ = {
			isa = PBXGroup;
			children = (
				AF3D620D303DA9C80083D600 /* HuntSearchPill.swift */,
				AF3D620B303DA9B40083D600 /* HuntSearchSheet.swift */,
				AF3D6209303DA9980083D600 /* HuntSearchSheetViewModel.swift */,
			);
			path = Search;
			sourceTree = "<group>";
		};
		AF885CC23014D3D8007962DE = {
			isa = PBXGroup;
			children = (
				AF334E233016133D00F97182 /* Gamecastic */,
				AF885CCC3014D3D9007962DE /* Products */,
			);
			sourceTree = "<group>";
		};
		AF885CCC3014D3D9007962DE /* Products */ = {
			isa = PBXGroup;
			children = (
				AF885CCB3014D3D9007962DE /* Gamecastic.app */,
			);
			name = Products;
			sourceTree = "<group>";
		};
		AF99E2BE3035CAC100CE301D /* HuntSearch */ = {
			isa = PBXGroup;
			children = (
				AF99E2DC3035CECE00CE301D /* Presentation */,
				AF99E2CD3035CE4800CE301D /* Data */,
				AF99E2BF3035CACF00CE301D /* Domain */,
			);
			path = HuntSearch;
			sourceTree = "<group>";
		};
		AF99E2BF3035CACF00CE301D /* Domain */ = {
			isa = PBXGroup;
			children = (
				AF99E31F3038F38500CE301D /* Regions */,
				AF99E2CA3035CE1E00CE301D /* Repository */,
				AF99E2C73035CDFF00CE301D /* Filters */,
				AF99E2C03035CAD300CE301D /* Models */,
			);
			path = Domain;
			sourceTree = "<group>";
		};
		AF99E2C03035CAD300CE301D /* Models */ = {
			isa = PBXGroup;
			children = (
				AF99E3223038F3BB00CE301D /* HuntSearchCriteria.swift */,
				AF99E2EC3035F1B100CE301D /* HuntSearchScope.swift */,
				AF99E2E33035D4DF00CE301D /* HuntFilterSelection.swift */,
				AF99E2C53035CDEC00CE301D /* HuntListing.swift */,
				AF99E2C33035CDDE00CE301D /* HuntQuery.swift */,
				AF99E2C13035CAD800CE301D /* HuntFilter.swift */,
			);
			path = Models;
			sourceTree = "<group>";
		};
		AF99E2C73035CDFF00CE301D /* Filters */ = {
			isa = PBXGroup;
			children = (
				AF99E2C83035CE0500CE301D /* HuntFilterFactory.swift */,
			);
			path = Filters;
			sourceTree = "<group>";
		};
		AF99E2CA3035CE1E00CE301D /* Repository */ = {
			isa = PBXGroup;
			children = (
				AF99E2CB3035CE2400CE301D /* HuntSearchRepository.swift */,
			);
			path = Repository;
			sourceTree = "<group>";
		};
		AF99E2CD3035CE4800CE301D /* Data */ = {
			isa = PBXGroup;
			children = (
				AF99E2D93035CE9900CE301D /* Repository */,
				AF99E2D43035CE7700CE301D /* Remote */,
				AF99E2D13035CE6300CE301D /* Mapper */,
				AF99E2CE3035CE4B00CE301D /* DTO */,
			);
			path = Data;
			sourceTree = "<group>";
		};
		AF99E2CE3035CE4B00CE301D /* DTO */ = {
			isa = PBXGroup;
			children = (
				AF99E2CF3035CE5100CE301D /* HuntSearchDTOs.swift */,
			);
			path = DTO;
			sourceTree = "<group>";
		};
		AF99E2D13035CE6300CE301D /* Mapper */ = {
			isa = PBXGroup;
			children = (
				AF99E2D23035CE6800CE301D /* HuntSearchMapper.swift */,
			);
			path = Mapper;
			sourceTree = "<group>";
		};
		AF99E2D43035CE7700CE301D /* Remote */ = {
			isa = PBXGroup;
			children = (
				AF99E2D73035CE8900CE301D /* HuntSearchRemoteDataSource.swift */,
				AF99E2D53035CE7D00CE301D /* HuntSearchEndpoints.swift */,
			);
			path = Remote;
			sourceTree = "<group>";
		};
		AF99E2D93035CE9900CE301D /* Repository */ = {
			isa = PBXGroup;
			children = (
				AF99E2DA3035CEB700CE301D /* DefaultHuntSearchRepository.swift */,
			);
			path = Repository;
			sourceTree = "<group>";
		};
		AF99E2DC3035CECE00CE301D /* Presentation */ = {
			isa = PBXGroup;
			children = (
				AF3D6208303DA9900083D600 /* Search */,
				AF99E2E73035D52F00CE301D /* AllFilters */,
				AF99E2E13035CEF400CE301D /* HuntSearchView.swift */,
				AF99E2DF3035CEE200CE301D /* HuntSearchComponents.swift */,
				AF99E2DD3035CED300CE301D /* HuntSearchViewModel.swift */,
			);
			path = Presentation;
			sourceTree = "<group>";
		};
		AF99E2E73035D52F00CE301D /* AllFilters */ = {
			isa = PBXGroup;
			children = (
				AF99E2EA3035D54500CE301D /* AllFiltersView.swift */,
				AF99E2E83035D53800CE301D /* AllFiltersViewModel.swift */,
			);
			path = AllFilters;
			sourceTree = "<group>";
		};
		AF99E2F9303623FF00CE301D /* Auth */ = {
			isa = PBXGroup;
			children = (
				AF99E30C3036247E00CE301D /* Presentation */,
				AF99E2FF3036242D00CE301D /* Data */,
				AF99E2FA3036240300CE301D /* Domain */,
			);
			path = Auth;
			sourceTree = "<group>";
		};
		AF99E2FA3036240300CE301D /* Domain */ = {
			isa = PBXGroup;
			children = (
				AF99E2FD3036241900CE301D /* PKCE.swift */,
				AF99E2FB3036240900CE301D /* AuthModels.swift */,
			);
			path = Domain;
			sourceTree = "<group>";
		};
		AF99E2FF3036242D00CE301D /* Data */ = {
			isa = PBXGroup;
			children = (
				AF99E30A3036247000CE301D /* WebAuthenticator.swift */,
				AF99E3083036246200CE301D /* KeychainTokenStore.swift */,
				AF99E3063036245600CE301D /* AuthTokenClient.swift */,
				AF99E3043036244A00CE301D /* AuthEndpoints.swift */,
				AF99E3023036243F00CE301D /* TokenResponseDTO.swift */,
				AF99E3003036243300CE301D /* OIDCConfig.swift */,
			);
			path = Data;
			sourceTree = "<group>";
		};
		AF99E30C3036247E00CE301D /* Presentation */ = {
			isa = PBXGroup;
			children = (
				AF99E30D3036248700CE301D /* AuthManager.swift */,
			);
			path = Presentation;
			sourceTree = "<group>";
		};
		AF99E3173038B99900CE301D /* Account */ = {
			isa = PBXGroup;
			children = (
				AF99E3183038B99F00CE301D /* Presentation */,
			);
			path = Account;
			sourceTree = "<group>";
		};
		AF99E3183038B99F00CE301D /* Presentation */ = {
			isa = PBXGroup;
			children = (
				AF99E31D3038B9C000CE301D /* ProfileView.swift */,
				AF99E31B3038B9B400CE301D /* SignInView.swift */,
				AF99E3193038B9A400CE301D /* AccountView.swift */,
			);
			path = Presentation;
			sourceTree = "<group>";
		};
		AF99E31F3038F38500CE301D /* Regions */ = {
			isa = PBXGroup;
			children = (
				AF99E3203038F3A800CE301D /* HuntRegionProvider.swift */,
			);
			path = Regions;
			sourceTree = "<group>";
		};
		FE0DA7A00000000000000001 /* Core */ = {
			isa = PBXGroup;
			children = (
				FE0DC7A00000000000000006 /* Data */,
				FE0DC7A00000000000000001 /* Domain */,
				AF99E2F9303623FF00CE301D /* Auth */,
				FE0DA7A00000000000000002 /* Config */,
				FE0DA7A00000000000000005 /* Networking */,
			);
			path = Core;
			sourceTree = "<group>";
		};
		FE0DA7A00000000000000002 /* Config */ = {
			isa = PBXGroup;
			children = (
				FE0DA7A00000000000000003 /* AppConfig.swift */,
			);
			path = Config;
			sourceTree = "<group>";
		};
		FE0DA7A00000000000000005 /* Networking */ = {
			isa = PBXGroup;
			children = (
				FE0DA7A00000000000000006 /* HTTPMethod.swift */,
				FE0DA7A00000000000000008 /* APIResponse.swift */,
				FE0DA7A0000000000000000A /* APIError.swift */,
				FE0DA7A0000000000000000C /* Endpoint.swift */,
				FE0DA7A0000000000000000E /* APIClient.swift */,
			);
			path = Networking;
			sourceTree = "<group>";
		};
		FE0DA7A00000000000000010 /* Features */ = {
			isa = PBXGroup;
			children = (
				AF99E3173038B99900CE301D /* Account */,
				AF99E2BE3035CAC100CE301D /* HuntSearch */,
				FE0DA7A00000000000000011 /* Home */,
			);
			path = Features;
			sourceTree = "<group>";
		};
		FE0DA7A00000000000000011 /* Home */ = {
			isa = PBXGroup;
			children = (
				FE0DA7A00000000000000012 /* Data */,
				FE0DA7A00000000000000021 /* Domain */,
				FE0DA7A00000000000000028 /* Presentation */,
			);
			path = Home;
			sourceTree = "<group>";
		};
		FE0DA7A00000000000000012 /* Data */ = {
			isa = PBXGroup;
			children = (
				FE0DA7A00000000000000013 /* DTO */,
				FE0DA7A00000000000000016 /* Mapper */,
				FE0DA7A00000000000000019 /* Remote */,
				FE0DA7A0000000000000001E /* Repository */,
			);
			path = Data;
			sourceTree = "<group>";
		};
		FE0DA7A00000000000000013 /* DTO */ = {
			isa = PBXGroup;
			children = (
				FE0DA7A00000000000000014 /* HomeDTOs.swift */,
			);
			path = DTO;
			sourceTree = "<group>";
		};
		FE0DA7A00000000000000016 /* Mapper */ = {
			isa = PBXGroup;
			children = (
				FE0DA7A00000000000000017 /* HomeMapper.swift */,
			);
			path = Mapper;
			sourceTree = "<group>";
		};
		FE0DA7A00000000000000019 /* Remote */ = {
			isa = PBXGroup;
			children = (
				FE0DA7A0000000000000001A /* HomeEndpoints.swift */,
				FE0DA7A0000000000000001C /* HomeRemoteDataSource.swift */,
			);
			path = Remote;
			sourceTree = "<group>";
		};
		FE0DA7A0000000000000001E /* Repository */ = {
			isa = PBXGroup;
			children = (
				FE0DA7A0000000000000001F /* DefaultHomeRepository.swift */,
			);
			path = Repository;
			sourceTree = "<group>";
		};
		FE0DA7A00000000000000021 /* Domain */ = {
			isa = PBXGroup;
			children = (
				FE0DA7A00000000000000022 /* Models */,
				FE0DA7A00000000000000025 /* Repository */,
			);
			path = Domain;
			sourceTree = "<group>";
		};
		FE0DA7A00000000000000022 /* Models */ = {
			isa = PBXGroup;
			children = (
				FE0DA7A00000000000000023 /* HomeModels.swift */,
			);
			path = Models;
			sourceTree = "<group>";
		};
		FE0DA7A00000000000000025 /* Repository */ = {
			isa = PBXGroup;
			children = (
				FE0DA7A00000000000000026 /* HomeRepository.swift */,
			);
			path = Repository;
			sourceTree = "<group>";
		};
		FE0DA7A00000000000000028 /* Presentation */ = {
			isa = PBXGroup;
			children = (
				FE0DB7A00000000000000103 /* HomeView.swift */,
				FE0DB7A00000000000000105 /* HomeCards.swift */,
				FE0DA7A00000000000000029 /* HomeViewModel.swift */,
			);
			path = Presentation;
			sourceTree = "<group>";
		};
		FE0DB7A00000000000000107 /* Shimmer */ = {
			isa = PBXGroup;
			children = (
				FE0DB7A00000000000000101 /* Shimmer.swift */,
			);
			path = Shimmer;
			sourceTree = "<group>";
		};
		FE0DC7A00000000000000001 /* Domain */ = {
			isa = PBXGroup;
			children = (
				FE0DC7A00000000000000004 /* Facets.swift */,
				FE0DC7A00000000000000002 /* HuntPrimitives.swift */,
			);
			path = Domain;
			sourceTree = "<group>";
		};
		FE0DC7A00000000000000006 /* Data */ = {
			isa = PBXGroup;
			children = (
				FE0DC7A00000000000000007 /* FacetsDTO.swift */,
			);
			path = Data;
			sourceTree = "<group>";
		};
		FE0DD7A00000000000000001 /* Navigation */ = {
			isa = PBXGroup;
			children = (
				FE0DD7A00000000000000002 /* SideMenuView.swift */,
			);
			path = Navigation;
			sourceTree = "<group>";
		};
		FE0DD7A00000000000000004 /* Avatar */ = {
			isa = PBXGroup;
			children = (
				FE0DD7A00000000000000005 /* AvatarView.swift */,
			);
			path = Avatar;
			sourceTree = "<group>";
		};
/* End PBXGroup section */

/* Begin PBXNativeTarget section */
		AF885CCA3014D3D9007962DE /* Gamecastic */ = {
			isa = PBXNativeTarget;
			buildConfigurationList = AF885CD63014D3DA007962DE /* Build configuration list for PBXNativeTarget "Gamecastic" */;
			buildPhases = (
				AF885CC73014D3D9007962DE /* Sources */,
				AF885CC83014D3D9007962DE /* Frameworks */,
				AF885CC93014D3D9007962DE /* Resources */,
			);
			buildRules = (
			);
			dependencies = (
			);
			name = Gamecastic;
			packageProductDependencies = (
			);
			productName = Gamecastic;
			productReference = AF885CCB3014D3D9007962DE /* Gamecastic.app */;
			productType = "com.apple.product-type.application";
		};
/* End PBXNativeTarget section */

/* Begin PBXProject section */
		AF885CC33014D3D8007962DE /* Project object */ = {
			isa = PBXProject;
			attributes = {
				BuildIndependentTargetsInParallel = 1;
				LastSwiftUpdateCheck = 2660;
				LastUpgradeCheck = 2660;
				TargetAttributes = {
					AF885CCA3014D3D9007962DE = {
						CreatedOnToolsVersion = 26.6;
					};
				};
			};
			buildConfigurationList = AF885CC63014D3D8007962DE /* Build configuration list for PBXProject "Gamecastic" */;
			developmentRegion = en;
			hasScannedForEncodings = 0;
			knownRegions = (
				en,
				Base,
			);
			mainGroup = AF885CC23014D3D8007962DE;
			minimizedProjectReferenceProxies = 1;
			preferredProjectObjectVersion = 77;
			productRefGroup = AF885CCC3014D3D9007962DE /* Products */;
			projectDirPath = "";
			projectRoot = "";
			targets = (
				AF885CCA3014D3D9007962DE /* Gamecastic */,
			);
		};
/* End PBXProject section */

/* Begin PBXResourcesBuildPhase section */
		AF885CC93014D3D9007962DE /* Resources */ = {
			isa = PBXResourcesBuildPhase;
			buildActionMask = 2147483647;
			files = (
				AF334E263016133D00F97182 /* Assets.xcassets in Resources */,
				AF334E283016135200F97182 /* Colors.xcassets in Resources */,
				AF334E3E301615A600F97182 /* Inter-ExtraBold.ttf in Resources */,
				AF334E3F301615A600F97182 /* Inter-Light.ttf in Resources */,
				AF334E40301615A600F97182 /* Inter-Bold.ttf in Resources */,
				AF2A447D3045CCDF000C1C66 /* DMSerifDisplay-Regular.ttf in Resources */,
				AF334E41301615A600F97182 /* Inter-Regular.ttf in Resources */,
				AF334E42301615A600F97182 /* Inter-Medium.ttf in Resources */,
				AF334E43301615A600F97182 /* Inter-SemiBold.ttf in Resources */,
			);
			runOnlyForDeploymentPostprocessing = 0;
		};
/* End PBXResourcesBuildPhase section */

/* Begin PBXSourcesBuildPhase section */
		AF885CC73014D3D9007962DE /* Sources */ = {
			isa = PBXSourcesBuildPhase;
			buildActionMask = 2147483647;
			files = (
				FE0DD7A00000000000000006 /* AvatarView.swift in Sources */,
				FE0DD7A00000000000000003 /* SideMenuView.swift in Sources */,
				FE0DC7A00000000000000008 /* FacetsDTO.swift in Sources */,
				FE0DC7A00000000000000005 /* Facets.swift in Sources */,
				FE0DC7A00000000000000003 /* HuntPrimitives.swift in Sources */,
				FE0DB7A00000000000000102 /* Shimmer.swift in Sources */,
				FE0DB7A00000000000000104 /* HomeView.swift in Sources */,
				FE0DB7A00000000000000106 /* HomeCards.swift in Sources */,
				AF99E2C23035CADA00CE301D /* HuntFilter.swift in Sources */,
				FE0DA7A00000000000000004 /* AppConfig.swift in Sources */,
				FE0DA7A00000000000000007 /* HTTPMethod.swift in Sources */,
				AF99E30B3036247000CE301D /* WebAuthenticator.swift in Sources */,
				FE0DA7A00000000000000009 /* APIResponse.swift in Sources */,
				AF99E30E3036248800CE301D /* AuthManager.swift in Sources */,
				FE0DA7A0000000000000000B /* APIError.swift in Sources */,
				AF99E2CC3035CE2500CE301D /* HuntSearchRepository.swift in Sources */,
				AF99E3053036244B00CE301D /* AuthEndpoints.swift in Sources */,
				FE0DA7A0000000000000000D /* Endpoint.swift in Sources */,
				FE0DA7A0000000000000000F /* APIClient.swift in Sources */,
				FE0DA7A00000000000000015 /* HomeDTOs.swift in Sources */,
				FE0DA7A00000000000000018 /* HomeMapper.swift in Sources */,
				FE0DA7A0000000000000001B /* HomeEndpoints.swift in Sources */,
				AF99E2DB3035CEB800CE301D /* DefaultHuntSearchRepository.swift in Sources */,
				AF99E2D03035CE5200CE301D /* HuntSearchDTOs.swift in Sources */,
				FE0DA7A0000000000000001D /* HomeRemoteDataSource.swift in Sources */,
				FE0DA7A00000000000000020 /* DefaultHomeRepository.swift in Sources */,
				AF99E2C93035CE0600CE301D /* HuntFilterFactory.swift in Sources */,
				FE0DA7A00000000000000024 /* HomeModels.swift in Sources */,
				FE0DA7A00000000000000027 /* HomeRepository.swift in Sources */,
				AF99E31A3038B9A500CE301D /* AccountView.swift in Sources */,
				AF99E3013036243400CE301D /* OIDCConfig.swift in Sources */,
				AF99E3093036246300CE301D /* KeychainTokenStore.swift in Sources */,
				AF99E31C3038B9B500CE301D /* SignInView.swift in Sources */,
				AF99E3213038F3A900CE301D /* HuntRegionProvider.swift in Sources */,
				FE0DA7A0000000000000002A /* HomeViewModel.swift in Sources */,
				AF99E3073036245700CE301D /* AuthTokenClient.swift in Sources */,
				AF334E633016173800F97182 /* DefaultViewConfig.swift in Sources */,
				AF99E3033036244000CE301D /* TokenResponseDTO.swift in Sources */,
				AF99E2C43035CDDF00CE301D /* HuntQuery.swift in Sources */,
				AF334E703016179500F97182 /* DefaultPrimaryButtonStyle.swift in Sources */,
				AF334E8530161F6000F97182 /* ToastPresenter.swift in Sources */,
				AF99E2D63035CE7D00CE301D /* HuntSearchEndpoints.swift in Sources */,
				AF99E3233038F3BB00CE301D /* HuntSearchCriteria.swift in Sources */,
				AF3D620E303DA9C90083D600 /* HuntSearchPill.swift in Sources */,
				AF99E2D83035CE8A00CE301D /* HuntSearchRemoteDataSource.swift in Sources */,
				AF334E6D3016178000F97182 /* ButtonStyleProvider.swift in Sources */,
				AF3D620A303DA99A0083D600 /* HuntSearchSheetViewModel.swift in Sources */,
				AF334E463016166C00F97182 /* Localized.swift in Sources */,
				AF334E8330161F3E00F97182 /* ToastView.swift in Sources */,
				AF99E2E43035D4E000CE301D /* HuntFilterSelection.swift in Sources */,
				AF99E2D33035CE6800CE301D /* HuntSearchMapper.swift in Sources */,
				AF334E683016175B00F97182 /* DefaultTextTypography.swift in Sources */,
				AF99E2FC3036240900CE301D /* AuthModels.swift in Sources */,
				AF334E253016133D00F97182 /* GamecasticApp.swift in Sources */,
				AF334E56301616E200F97182 /* TextColors.swift in Sources */,
				AF99E2E93035D53900CE301D /* AllFiltersViewModel.swift in Sources */,
				AF334E7A30161ECA00F97182 /* CategoryChipStyleProtocol.swift in Sources */,
				AF334E663016175100F97182 /* TextTypography.swift in Sources */,
				AF334E77301617C000F97182 /* AppButton.swift in Sources */,
				AF99E2E23035CEF400CE301D /* HuntSearchView.swift in Sources */,
				AF3D620C303DA9B40083D600 /* HuntSearchSheet.swift in Sources */,
				AF99E2C63035CDED00CE301D /* HuntListing.swift in Sources */,
				AF99E2EB3035D54600CE301D /* AllFiltersView.swift in Sources */,
				AF334E54301616D800F97182 /* BackgroundColors.swift in Sources */,
				AF334E51301616C900F97182 /* DefaultTheme.swift in Sources */,
				AF99E2FE3036241A00CE301D /* PKCE.swift in Sources */,
				AF334E883016227500F97182 /* TopBarView.swift in Sources */,
				AF334E303016151400F97182 /* View+Extension.swift in Sources */,
				AF334E6B3016177700F97182 /* ButtonStyleProtocol.swift in Sources */,
				AF334E353016153400F97182 /* FontProvider.swift in Sources */,
				AF99E2E63035D4F700CE301D /* FlowLayout.swift in Sources */,
				AF334E72301617A200F97182 /* DefaultOverlayButtonStyle.swift in Sources */,
				AF334E2B301614F300F97182 /* CornerRadius.swift in Sources */,
				AF334E5E3016171E00F97182 /* AppTheme+Environment.swift in Sources */,
				AF99E2E03035CEE200CE301D /* HuntSearchComponents.swift in Sources */,
				AF334E613016173100F97182 /* ViewConfig.swift in Sources */,
				AF334E4A3016169400F97182 /* AppLogger.swift in Sources */,
				AF334E7E30161EFC00F97182 /* CategorySelector.swift in Sources */,
				AF334E8130161F3000F97182 /* ToastManager.swift in Sources */,
				AF334E7C30161ED600F97182 /* CategoryChipStyleProvider.swift in Sources */,
				AF334E323016152000F97182 /* Text+Extension.swift in Sources */,
				AF334E58301616E900F97182 /* BorderColors.swift in Sources */,
				AF99E31E3038B9C100CE301D /* ProfileView.swift in Sources */,
				AF334E2D301614FA00F97182 /* CustomWidth.swift in Sources */,
				AF334E74301617AD00F97182 /* DefaultOutlineOnDarkButtonStyle.swift in Sources */,
				AF99E2DE3035CED300CE301D /* HuntSearchViewModel.swift in Sources */,
				AF334E5B301616F700F97182 /* AppThemeManager.swift in Sources */,
				AF334E4F301616BD00F97182 /* AppTheme.swift in Sources */,
				AF334E8A3016228100F97182 /* View+Typography.swift in Sources */,
				AF99E2ED3035F1B200CE301D /* HuntSearchScope.swift in Sources */,
			);
			runOnlyForDeploymentPostprocessing = 0;
		};
/* End PBXSourcesBuildPhase section */

/* Begin XCBuildConfiguration section */
		AF885CD43014D3DA007962DE /* Debug */ = {
			isa = XCBuildConfiguration;
			buildSettings = {
				ALWAYS_SEARCH_USER_PATHS = NO;
				ASSETCATALOG_COMPILER_GENERATE_SWIFT_ASSET_SYMBOL_EXTENSIONS = YES;
				CLANG_ANALYZER_NONNULL = YES;
				CLANG_ANALYZER_NUMBER_OBJECT_CONVERSION = YES_AGGRESSIVE;
				CLANG_CXX_LANGUAGE_STANDARD = "gnu++20";
				CLANG_ENABLE_MODULES = YES;
				CLANG_ENABLE_OBJC_ARC = YES;
				CLANG_ENABLE_OBJC_WEAK = YES;
				CLANG_WARN_BLOCK_CAPTURE_AUTORELEASING = YES;
				CLANG_WARN_BOOL_CONVERSION = YES;
				CLANG_WARN_COMMA = YES;
				CLANG_WARN_CONSTANT_CONVERSION = YES;
				CLANG_WARN_DEPRECATED_OBJC_IMPLEMENTATIONS = YES;
				CLANG_WARN_DIRECT_OBJC_ISA_USAGE = YES_ERROR;
				CLANG_WARN_DOCUMENTATION_COMMENTS = YES;
				CLANG_WARN_EMPTY_BODY = YES;
				CLANG_WARN_ENUM_CONVERSION = YES;
				CLANG_WARN_INFINITE_RECURSION = YES;
				CLANG_WARN_INT_CONVERSION = YES;
				CLANG_WARN_NON_LITERAL_NULL_CONVERSION = YES;
				CLANG_WARN_OBJC_IMPLICIT_RETAIN_SELF = YES;
				CLANG_WARN_OBJC_LITERAL_CONVERSION = YES;
				CLANG_WARN_OBJC_ROOT_CLASS = YES_ERROR;
				CLANG_WARN_QUOTED_INCLUDE_IN_FRAMEWORK_HEADER = YES;
				CLANG_WARN_RANGE_LOOP_ANALYSIS = YES;
				CLANG_WARN_STRICT_PROTOTYPES = YES;
				CLANG_WARN_SUSPICIOUS_MOVE = YES;
				CLANG_WARN_UNGUARDED_AVAILABILITY = YES_AGGRESSIVE;
				CLANG_WARN_UNREACHABLE_CODE = YES;
				CLANG_WARN__DUPLICATE_METHOD_MATCH = YES;
				COPY_PHASE_STRIP = NO;
				DEBUG_INFORMATION_FORMAT = dwarf;
				ENABLE_STRICT_OBJC_MSGSEND = YES;
				ENABLE_TESTABILITY = YES;
				ENABLE_USER_SCRIPT_SANDBOXING = YES;
				GCC_C_LANGUAGE_STANDARD = gnu17;
				GCC_DYNAMIC_NO_PIC = NO;
				GCC_NO_COMMON_BLOCKS = YES;
				GCC_OPTIMIZATION_LEVEL = 0;
				GCC_PREPROCESSOR_DEFINITIONS = (
					"DEBUG=1",
					"$(inherited)",
				);
				GCC_WARN_64_TO_32_BIT_CONVERSION = YES;
				GCC_WARN_ABOUT_RETURN_TYPE = YES_ERROR;
				GCC_WARN_UNDECLARED_SELECTOR = YES;
				GCC_WARN_UNINITIALIZED_AUTOS = YES_AGGRESSIVE;
				GCC_WARN_UNUSED_FUNCTION = YES;
				GCC_WARN_UNUSED_VARIABLE = YES;
				IPHONEOS_DEPLOYMENT_TARGET = 26.5;
				LOCALIZATION_PREFERS_STRING_CATALOGS = YES;
				MTL_ENABLE_DEBUG_INFO = INCLUDE_SOURCE;
				MTL_FAST_MATH = YES;
				ONLY_ACTIVE_ARCH = YES;
				SDKROOT = iphoneos;
				SWIFT_ACTIVE_COMPILATION_CONDITIONS = "DEBUG $(inherited)";
				SWIFT_OPTIMIZATION_LEVEL = "-Onone";
			};
			name = Debug;
		};
		AF885CD53014D3DA007962DE /* Release */ = {
			isa = XCBuildConfiguration;
			buildSettings = {
				ALWAYS_SEARCH_USER_PATHS = NO;
				ASSETCATALOG_COMPILER_GENERATE_SWIFT_ASSET_SYMBOL_EXTENSIONS = YES;
				CLANG_ANALYZER_NONNULL = YES;
				CLANG_ANALYZER_NUMBER_OBJECT_CONVERSION = YES_AGGRESSIVE;
				CLANG_CXX_LANGUAGE_STANDARD = "gnu++20";
				CLANG_ENABLE_MODULES = YES;
				CLANG_ENABLE_OBJC_ARC = YES;
				CLANG_ENABLE_OBJC_WEAK = YES;
				CLANG_WARN_BLOCK_CAPTURE_AUTORELEASING = YES;
				CLANG_WARN_BOOL_CONVERSION = YES;
				CLANG_WARN_COMMA = YES;
				CLANG_WARN_CONSTANT_CONVERSION = YES;
				CLANG_WARN_DEPRECATED_OBJC_IMPLEMENTATIONS = YES;
				CLANG_WARN_DIRECT_OBJC_ISA_USAGE = YES_ERROR;
				CLANG_WARN_DOCUMENTATION_COMMENTS = YES;
				CLANG_WARN_EMPTY_BODY = YES;
				CLANG_WARN_ENUM_CONVERSION = YES;
				CLANG_WARN_INFINITE_RECURSION = YES;
				CLANG_WARN_INT_CONVERSION = YES;
				CLANG_WARN_NON_LITERAL_NULL_CONVERSION = YES;
				CLANG_WARN_OBJC_IMPLICIT_RETAIN_SELF = YES;
				CLANG_WARN_OBJC_LITERAL_CONVERSION = YES;
				CLANG_WARN_OBJC_ROOT_CLASS = YES_ERROR;
				CLANG_WARN_QUOTED_INCLUDE_IN_FRAMEWORK_HEADER = YES;
				CLANG_WARN_RANGE_LOOP_ANALYSIS = YES;
				CLANG_WARN_STRICT_PROTOTYPES = YES;
				CLANG_WARN_SUSPICIOUS_MOVE = YES;
				CLANG_WARN_UNGUARDED_AVAILABILITY = YES_AGGRESSIVE;
				CLANG_WARN_UNREACHABLE_CODE = YES;
				CLANG_WARN__DUPLICATE_METHOD_MATCH = YES;
				COPY_PHASE_STRIP = NO;
				DEBUG_INFORMATION_FORMAT = "dwarf-with-dsym";
				ENABLE_NS_ASSERTIONS = NO;
				ENABLE_STRICT_OBJC_MSGSEND = YES;
				ENABLE_USER_SCRIPT_SANDBOXING = YES;
				GCC_C_LANGUAGE_STANDARD = gnu17;
				GCC_NO_COMMON_BLOCKS = YES;
				GCC_WARN_64_TO_32_BIT_CONVERSION = YES;
				GCC_WARN_ABOUT_RETURN_TYPE = YES_ERROR;
				GCC_WARN_UNDECLARED_SELECTOR = YES;
				GCC_WARN_UNINITIALIZED_AUTOS = YES_AGGRESSIVE;
				GCC_WARN_UNUSED_FUNCTION = YES;
				GCC_WARN_UNUSED_VARIABLE = YES;
				IPHONEOS_DEPLOYMENT_TARGET = 26.5;
				LOCALIZATION_PREFERS_STRING_CATALOGS = YES;
				MTL_ENABLE_DEBUG_INFO = NO;
				MTL_FAST_MATH = YES;
				SDKROOT = iphoneos;
				SWIFT_COMPILATION_MODE = wholemodule;
				VALIDATE_PRODUCT = YES;
			};
			name = Release;
		};
		AF885CD73014D3DA007962DE /* Debug */ = {
			isa = XCBuildConfiguration;
			buildSettings = {
				ASSETCATALOG_COMPILER_APPICON_NAME = AppIcon;
				ASSETCATALOG_COMPILER_GLOBAL_ACCENT_COLOR_NAME = AccentColor;
				CODE_SIGN_STYLE = Automatic;
				CURRENT_PROJECT_VERSION = 1;
				DEVELOPMENT_TEAM = W75DLKX34U;
				ENABLE_PREVIEWS = YES;
				GENERATE_INFOPLIST_FILE = YES;
				INFOPLIST_FILE = Gamecastic/Info.plist;
				INFOPLIST_KEY_UIApplicationSceneManifest_Generation = YES;
				INFOPLIST_KEY_UIApplicationSupportsIndirectInputEvents = YES;
				INFOPLIST_KEY_UILaunchScreen_Generation = YES;
				INFOPLIST_KEY_UISupportedInterfaceOrientations = UIInterfaceOrientationPortrait;
				INFOPLIST_KEY_UISupportedInterfaceOrientations_iPad = "UIInterfaceOrientationLandscapeLeft UIInterfaceOrientationLandscapeRight UIInterfaceOrientationPortrait UIInterfaceOrientationPortraitUpsideDown";
				LD_RUNPATH_SEARCH_PATHS = (
					"$(inherited)",
					"@executable_path/Frameworks",
				);
				MARKETING_VERSION = 1.0;
				PRODUCT_BUNDLE_IDENTIFIER = com.dev.gamecastic;
				PRODUCT_NAME = "$(TARGET_NAME)";
				STRING_CATALOG_GENERATE_SYMBOLS = YES;
				SUPPORTED_PLATFORMS = "iphoneos iphonesimulator";
				SUPPORTS_MACCATALYST = NO;
				SUPPORTS_MAC_DESIGNED_FOR_IPHONE_IPAD = NO;
				SUPPORTS_XR_DESIGNED_FOR_IPHONE_IPAD = NO;
				SWIFT_APPROACHABLE_CONCURRENCY = YES;
				SWIFT_DEFAULT_ACTOR_ISOLATION = MainActor;
				SWIFT_EMIT_LOC_STRINGS = YES;
				SWIFT_UPCOMING_FEATURE_MEMBER_IMPORT_VISIBILITY = YES;
				SWIFT_VERSION = 5.0;
				TARGETED_DEVICE_FAMILY = 1;
			};
			name = Debug;
		};
		AF885CD83014D3DA007962DE /* Release */ = {
			isa = XCBuildConfiguration;
			buildSettings = {
				ASSETCATALOG_COMPILER_APPICON_NAME = AppIcon;
				ASSETCATALOG_COMPILER_GLOBAL_ACCENT_COLOR_NAME = AccentColor;
				CODE_SIGN_STYLE = Automatic;
				CURRENT_PROJECT_VERSION = 1;
				DEVELOPMENT_TEAM = W75DLKX34U;
				ENABLE_PREVIEWS = YES;
				GENERATE_INFOPLIST_FILE = YES;
				INFOPLIST_FILE = Gamecastic/Info.plist;
				INFOPLIST_KEY_UIApplicationSceneManifest_Generation = YES;
				INFOPLIST_KEY_UIApplicationSupportsIndirectInputEvents = YES;
				INFOPLIST_KEY_UILaunchScreen_Generation = YES;
				INFOPLIST_KEY_UISupportedInterfaceOrientations = UIInterfaceOrientationPortrait;
				INFOPLIST_KEY_UISupportedInterfaceOrientations_iPad = "UIInterfaceOrientationLandscapeLeft UIInterfaceOrientationLandscapeRight UIInterfaceOrientationPortrait UIInterfaceOrientationPortraitUpsideDown";
				LD_RUNPATH_SEARCH_PATHS = (
					"$(inherited)",
					"@executable_path/Frameworks",
				);
				MARKETING_VERSION = 1.0;
				PRODUCT_BUNDLE_IDENTIFIER = com.dev.gamecastic;
				PRODUCT_NAME = "$(TARGET_NAME)";
				STRING_CATALOG_GENERATE_SYMBOLS = YES;
				SUPPORTED_PLATFORMS = "iphoneos iphonesimulator";
				SUPPORTS_MACCATALYST = NO;
				SUPPORTS_MAC_DESIGNED_FOR_IPHONE_IPAD = NO;
				SUPPORTS_XR_DESIGNED_FOR_IPHONE_IPAD = NO;
				SWIFT_APPROACHABLE_CONCURRENCY = YES;
				SWIFT_DEFAULT_ACTOR_ISOLATION = MainActor;
				SWIFT_EMIT_LOC_STRINGS = YES;
				SWIFT_UPCOMING_FEATURE_MEMBER_IMPORT_VISIBILITY = YES;
				SWIFT_VERSION = 5.0;
				TARGETED_DEVICE_FAMILY = 1;
			};
			name = Release;
		};
/* End XCBuildConfiguration section */

/* Begin XCConfigurationList section */
		AF885CC63014D3D8007962DE /* Build configuration list for PBXProject "Gamecastic" */ = {
			isa = XCConfigurationList;
			buildConfigurations = (
				AF885CD43014D3DA007962DE /* Debug */,
				AF885CD53014D3DA007962DE /* Release */,
			);
			defaultConfigurationIsVisible = 0;
			defaultConfigurationName = Release;
		};
		AF885CD63014D3DA007962DE /* Build configuration list for PBXNativeTarget "Gamecastic" */ = {
			isa = XCConfigurationList;
			buildConfigurations = (
				AF885CD73014D3DA007962DE /* Debug */,
				AF885CD83014D3DA007962DE /* Release */,
			);
			defaultConfigurationIsVisible = 0;
			defaultConfigurationName = Release;
		};
/* End XCConfigurationList section */
	};
	rootObject = AF885CC33014D3D8007962DE /* Project object */;
}
